
Microsoft Visual Studio Solution File, Format Version 12.00
# Visual Studio Version 17
VisualStudioVersion = 17.8.34316.72
MinimumVisualStudioVersion = 10.0.40219.1
Project("{8BC9CEB8-8B4A-11D0-8D11-00A0C91BC942}") = "tinhCan2_1", "tinhCan2_1\tinhCan2_1.vcxproj", "{F6ACE352-2D93-4077-A429-A447EBE17001}"
EndProject
Global
	GlobalSection(SolutionConfigurationPlatforms) = preSolution
		Debug|x64 = Debug|x64
		Debug|x86 = Debug|x86
		Release|x64 = Release|x64
		Release|x86 = Release|x86
	EndGlobalSection
	GlobalSection(ProjectConfigurationPlatforms) = postSolution
		{F6ACE352-2D93-4077-A429-A447EBE17001}.Debug|x64.ActiveCfg = Debug|x64
		{F6ACE352-2D93-4077-A429-A447EBE17001}.Debug|x64.Build.0 = Debug|x64
		{F6ACE352-2D93-4077-A429-A447EBE17001}.Debug|x86.ActiveCfg = Debug|Win32
		{F6ACE352-2D93-4077-A429-A447EBE17001}.Debug|x86.Build.0 = Debug|Win32
		{F6ACE352-2D93-4077-A429-A447EBE17001}.Release|x64.ActiveCfg = Release|x64
		{F6ACE352-2D93-4077-A429-A447EBE17001}.Release|x64.Build.0 = Release|x64
		{F6ACE352-2D93-4077-A429-A447EBE17001}.Release|x86.ActiveCfg = Release|Win32
		{F6ACE352-2D93-4077-A429-A447EBE17001}.Release|x86.Build.0 = Release|Win32
	EndGlobalSection
	GlobalSection(SolutionProperties) = preSolution
		HideSolutionNode = FALSE
	EndGlobalSection
	GlobalSection(ExtensibilityGlobals) = postSolution
		SolutionGuid = {76677BB0-7C4F-47D7-A09B-74636ADFE3A4}
	EndGlobalSection
EndGlobal
