
Microsoft Visual Studio Solution File, Format Version 12.00
# Visual Studio Version 17
VisualStudioVersion = 17.8.34316.72
MinimumVisualStudioVersion = 10.0.40219.1
Project("{8BC9CEB8-8B4A-11D0-8D11-00A0C91BC942}") = "ConsoleApplication1", "ConsoleApplication1\ConsoleApplication1.vcxproj", "{B04F473D-0539-4762-8FF0-E1A856919F81}"
EndProject
Global
	GlobalSection(SolutionConfigurationPlatforms) = preSolution
		Debug|x64 = Debug|x64
		Debug|x86 = Debug|x86
		Release|x64 = Release|x64
		Release|x86 = Release|x86
	EndGlobalSection
	GlobalSection(ProjectConfigurationPlatforms) = postSolution
		{B04F473D-0539-4762-8FF0-E1A856919F81}.Debug|x64.ActiveCfg = Debug|x64
		{B04F473D-0539-4762-8FF0-E1A856919F81}.Debug|x64.Build.0 = Debug|x64
		{B04F473D-0539-4762-8FF0-E1A856919F81}.Debug|x86.ActiveCfg = Debug|Win32
		{B04F473D-0539-4762-8FF0-E1A856919F81}.Debug|x86.Build.0 = Debug|Win32
		{B04F473D-0539-4762-8FF0-E1A856919F81}.Release|x64.ActiveCfg = Release|x64
		{B04F473D-0539-4762-8FF0-E1A856919F81}.Release|x64.Build.0 = Release|x64
		{B04F473D-0539-4762-8FF0-E1A856919F81}.Release|x86.ActiveCfg = Release|Win32
		{B04F473D-0539-4762-8FF0-E1A856919F81}.Release|x86.Build.0 = Release|Win32
	EndGlobalSection
	GlobalSection(SolutionProperties) = preSolution
		HideSolutionNode = FALSE
	EndGlobalSection
	GlobalSection(ExtensibilityGlobals) = postSolution
		SolutionGuid = {E8342340-A4F9-481F-8883-42060F9F46F1}
	EndGlobalSection
EndGlobal
